
Microsoft Visual Studio Solution File, Format Version 12.00
# Visual Studio 2013
VisualStudioVersion = 12.0.21005.1
MinimumVisualStudioVersion = 10.0.40219.1
Project("{FAE04EC0-301F-11D3-BF4B-00C04F79EFBC}") = "FareManagement", "FareManagement\FareManagement.csproj", "{BD0F6B79-EFCF-4225-88F8-5BDF7CC5764D}"
EndProject
Global
	GlobalSection(SolutionConfigurationPlatforms) = preSolution
		Debug|Any CPU = Debug|Any CPU
		Release|Any CPU = Release|Any CPU
	EndGlobalSection
	GlobalSection(ProjectConfigurationPlatforms) = postSolution
		{BD0F6B79-EFCF-4225-88F8-5BDF7CC5764D}.Debug|Any CPU.ActiveCfg = Debug|Any CPU
		{BD0F6B79-EFCF-4225-88F8-5BDF7CC5764D}.Debug|Any CPU.Build.0 = Debug|Any CPU
		{BD0F6B79-EFCF-4225-88F8-5BDF7CC5764D}.Release|Any CPU.ActiveCfg = Release|Any CPU
		{BD0F6B79-EFCF-4225-88F8-5BDF7CC5764D}.Release|Any CPU.Build.0 = Release|Any CPU
	EndGlobalSection
	GlobalSection(SolutionProperties) = preSolution
		HideSolutionNode = FALSE
	EndGlobalSection
EndGlobal
