
Microsoft Visual Studio Solution File, Format Version 12.00
# Visual Studio 2013
VisualStudioVersion = 12.0.31101.0
MinimumVisualStudioVersion = 10.0.40219.1
Project("{FAE04EC0-301F-11D3-BF4B-00C04F79EFBC}") = "InterestCalculate", "InterestCalculate\InterestCalculate.csproj", "{78FD1D50-027F-4B5F-AA3D-2D3A77B35C2E}"
EndProject
Global
	GlobalSection(SolutionConfigurationPlatforms) = preSolution
		Debug|Any CPU = Debug|Any CPU
		Release|Any CPU = Release|Any CPU
	EndGlobalSection
	GlobalSection(ProjectConfigurationPlatforms) = postSolution
		{78FD1D50-027F-4B5F-AA3D-2D3A77B35C2E}.Debug|Any CPU.ActiveCfg = Debug|Any CPU
		{78FD1D50-027F-4B5F-AA3D-2D3A77B35C2E}.Debug|Any CPU.Build.0 = Debug|Any CPU
		{78FD1D50-027F-4B5F-AA3D-2D3A77B35C2E}.Release|Any CPU.ActiveCfg = Release|Any CPU
		{78FD1D50-027F-4B5F-AA3D-2D3A77B35C2E}.Release|Any CPU.Build.0 = Release|Any CPU
	EndGlobalSection
	GlobalSection(SolutionProperties) = preSolution
		HideSolutionNode = FALSE
	EndGlobalSection
EndGlobal
